
Microsoft Visual Studio Solution File, Format Version 12.00
# Visual Studio Version 16
VisualStudioVersion = 16.0.30011.22
MinimumVisualStudioVersion = 10.0.40219.1
Project("{FAE04EC0-301F-11D3-BF4B-00C04F79EFBC}") = "P01_HospitalDatabase", "P01_HospitalDatabase\P01_HospitalDatabase.csproj", "{520B7D83-F7F4-4A01-B3B0-FE0500A77D79}"
EndProject
Project("{FAE04EC0-301F-11D3-BF4B-00C04F79EFBC}") = "P01_HospitalDatabase.Data", "P01_HospitalDatabase.Data\P01_HospitalDatabase.Data.csproj", "{9FC25B04-D0F5-41CF-9F24-2C0EF2B9B69E}"
EndProject
Project("{FAE04EC0-301F-11D3-BF4B-00C04F79EFBC}") = "P01_HospitalDatabase.Data.Models", "P01_HospitalDatabase.Data.Models\P01_HospitalDatabase.Data.Models.csproj", "{AA270722-271E-4672-8F70-DCFD636502C6}"
EndProject
Global
	GlobalSection(SolutionConfigurationPlatforms) = preSolution
		Debug|Any CPU = Debug|Any CPU
		Release|Any CPU = Release|Any CPU
	EndGlobalSection
	GlobalSection(ProjectConfigurationPlatforms) = postSolution
		{520B7D83-F7F4-4A01-B3B0-FE0500A77D79}.Debug|Any CPU.ActiveCfg = Debug|Any CPU
		{520B7D83-F7F4-4A01-B3B0-FE0500A77D79}.Debug|Any CPU.Build.0 = Debug|Any CPU
		{520B7D83-F7F4-4A01-B3B0-FE0500A77D79}.Release|Any CPU.ActiveCfg = Release|Any CPU
		{520B7D83-F7F4-4A01-B3B0-FE0500A77D79}.Release|Any CPU.Build.0 = Release|Any CPU
		{9FC25B04-D0F5-41CF-9F24-2C0EF2B9B69E}.Debug|Any CPU.ActiveCfg = Debug|Any CPU
		{9FC25B04-D0F5-41CF-9F24-2C0EF2B9B69E}.Debug|Any CPU.Build.0 = Debug|Any CPU
		{9FC25B04-D0F5-41CF-9F24-2C0EF2B9B69E}.Release|Any CPU.ActiveCfg = Release|Any CPU
		{9FC25B04-D0F5-41CF-9F24-2C0EF2B9B69E}.Release|Any CPU.Build.0 = Release|Any CPU
		{AA270722-271E-4672-8F70-DCFD636502C6}.Debug|Any CPU.ActiveCfg = Debug|Any CPU
		{AA270722-271E-4672-8F70-DCFD636502C6}.Debug|Any CPU.Build.0 = Debug|Any CPU
		{AA270722-271E-4672-8F70-DCFD636502C6}.Release|Any CPU.ActiveCfg = Release|Any CPU
		{AA270722-271E-4672-8F70-DCFD636502C6}.Release|Any CPU.Build.0 = Release|Any CPU
	EndGlobalSection
	GlobalSection(SolutionProperties) = preSolution
		HideSolutionNode = FALSE
	EndGlobalSection
	GlobalSection(ExtensibilityGlobals) = postSolution
		SolutionGuid = {02E5B2B4-FA79-4570-9A7A-7E1C141A9810}
	EndGlobalSection
EndGlobal
